
Microsoft Visual Studio Solution File, Format Version 12.00
# Visual Studio Version 17
VisualStudioVersion = 17.5.33627.172
MinimumVisualStudioVersion = 10.0.40219.1
Project("{2150E333-8FDC-42A3-9474-1A3956D46DE8}") = "services", "services", "{001CF001-01E4-481E-92BB-8206FFDF8F12}"
EndProject
Project("{2150E333-8FDC-42A3-9474-1A3956D46DE8}") = "catalog", "catalog", "{38DDF15B-FAC6-4A20-BBE4-C4BC77DAFA53}"
EndProject
Project("{9A19103F-16F7-4668-BE54-9A1E7A4F7556}") = "Catalog.Api", "Services\Catalog\Catalog.Api\Catalog.Api.csproj", "{158229C8-187F-40EB-BE15-B18490B4596F}"
EndProject
Project("{E53339B2-1760-4266-BCC7-CA923CBCF16C}") = "docker-compose", "docker-compose.dcproj", "{96A356C3-029F-4FA5-87F1-F46A4CF364CF}"
EndProject
Project("{2150E333-8FDC-42A3-9474-1A3956D46DE8}") = "basket", "basket", "{1742DCF4-CF9C-4064-BE47-5A1148D7CCD9}"
EndProject
Project("{FAE04EC0-301F-11D3-BF4B-00C04F79EFBC}") = "Basket.Api", "Services\Basket\Basket.Api\Basket.Api.csproj", "{6BC4CDBD-4D34-4E4F-B031-B03EC96849E8}"
EndProject
Global
	GlobalSection(SolutionConfigurationPlatforms) = preSolution
		Debug|Any CPU = Debug|Any CPU
		Release|Any CPU = Release|Any CPU
	EndGlobalSection
	GlobalSection(ProjectConfigurationPlatforms) = postSolution
		{158229C8-187F-40EB-BE15-B18490B4596F}.Debug|Any CPU.ActiveCfg = Debug|Any CPU
		{158229C8-187F-40EB-BE15-B18490B4596F}.Debug|Any CPU.Build.0 = Debug|Any CPU
		{158229C8-187F-40EB-BE15-B18490B4596F}.Release|Any CPU.ActiveCfg = Release|Any CPU
		{158229C8-187F-40EB-BE15-B18490B4596F}.Release|Any CPU.Build.0 = Release|Any CPU
		{96A356C3-029F-4FA5-87F1-F46A4CF364CF}.Debug|Any CPU.ActiveCfg = Debug|Any CPU
		{96A356C3-029F-4FA5-87F1-F46A4CF364CF}.Debug|Any CPU.Build.0 = Debug|Any CPU
		{96A356C3-029F-4FA5-87F1-F46A4CF364CF}.Release|Any CPU.ActiveCfg = Release|Any CPU
		{96A356C3-029F-4FA5-87F1-F46A4CF364CF}.Release|Any CPU.Build.0 = Release|Any CPU
		{6BC4CDBD-4D34-4E4F-B031-B03EC96849E8}.Debug|Any CPU.ActiveCfg = Debug|Any CPU
		{6BC4CDBD-4D34-4E4F-B031-B03EC96849E8}.Debug|Any CPU.Build.0 = Debug|Any CPU
		{6BC4CDBD-4D34-4E4F-B031-B03EC96849E8}.Release|Any CPU.ActiveCfg = Release|Any CPU
		{6BC4CDBD-4D34-4E4F-B031-B03EC96849E8}.Release|Any CPU.Build.0 = Release|Any CPU
	EndGlobalSection
	GlobalSection(SolutionProperties) = preSolution
		HideSolutionNode = FALSE
	EndGlobalSection
	GlobalSection(NestedProjects) = preSolution
		{38DDF15B-FAC6-4A20-BBE4-C4BC77DAFA53} = {001CF001-01E4-481E-92BB-8206FFDF8F12}
		{158229C8-187F-40EB-BE15-B18490B4596F} = {38DDF15B-FAC6-4A20-BBE4-C4BC77DAFA53}
		{1742DCF4-CF9C-4064-BE47-5A1148D7CCD9} = {001CF001-01E4-481E-92BB-8206FFDF8F12}
		{6BC4CDBD-4D34-4E4F-B031-B03EC96849E8} = {1742DCF4-CF9C-4064-BE47-5A1148D7CCD9}
	EndGlobalSection
	GlobalSection(ExtensibilityGlobals) = postSolution
		SolutionGuid = {9340B081-19BD-4D29-8F4E-5FF468C770CE}
	EndGlobalSection
EndGlobal
